
Microsoft Visual Studio Solution File, Format Version 12.00
# Visual Studio 15
VisualStudioVersion = 15.0.26730.16
MinimumVisualStudioVersion = 10.0.40219.1
Project("{FAE04EC0-301F-11D3-BF4B-00C04F79EFBC}") = "Tools", "Tools\Tools.csproj", "{F9F1DED4-CCEC-421C-BC5E-53C916A339CE}"
EndProject
Global
	GlobalSection(SolutionConfigurationPlatforms) = preSolution
		Debug|Any CPU = Debug|Any CPU
		Release|Any CPU = Release|Any CPU
	EndGlobalSection
	GlobalSection(ProjectConfigurationPlatforms) = postSolution
		{F9F1DED4-CCEC-421C-BC5E-53C916A339CE}.Debug|Any CPU.ActiveCfg = Debug|Any CPU
		{F9F1DED4-CCEC-421C-BC5E-53C916A339CE}.Debug|Any CPU.Build.0 = Debug|Any CPU
		{F9F1DED4-CCEC-421C-BC5E-53C916A339CE}.Release|Any CPU.ActiveCfg = Release|Any CPU
		{F9F1DED4-CCEC-421C-BC5E-53C916A339CE}.Release|Any CPU.Build.0 = Release|Any CPU
	EndGlobalSection
	GlobalSection(SolutionProperties) = preSolution
		HideSolutionNode = FALSE
	EndGlobalSection
	GlobalSection(ExtensibilityGlobals) = postSolution
		SolutionGuid = {20B6B6A0-6886-48DC-95D8-18926A3AC0D0}
	EndGlobalSection
EndGlobal
